
Microsoft Visual Studio Solution File, Format Version 12.00
# Visual Studio 14
VisualStudioVersion = 14.0.25420.1
MinimumVisualStudioVersion = 10.0.40219.1
Project("{FAE04EC0-301F-11D3-BF4B-00C04F79EFBC}") = "WorldEdit", "ConsoleApplication2\WorldEdit.csproj", "{958655F8-C87C-4107-81A9-A14A80A5C571}"
EndProject
Project("{FAE04EC0-301F-11D3-BF4B-00C04F79EFBC}") = "ShapeGenerator", "ShapeGenerator\ShapeGenerator.csproj", "{7B48AF51-C705-4727-85D9-A54A7EC5A941}"
EndProject
Global
	GlobalSection(SolutionConfigurationPlatforms) = preSolution
		Debug|Any CPU = Debug|Any CPU
		Release|Any CPU = Release|Any CPU
	EndGlobalSection
	GlobalSection(ProjectConfigurationPlatforms) = postSolution
		{958655F8-C87C-4107-81A9-A14A80A5C571}.Debug|Any CPU.ActiveCfg = Debug|Any CPU
		{958655F8-C87C-4107-81A9-A14A80A5C571}.Debug|Any CPU.Build.0 = Debug|Any CPU
		{958655F8-C87C-4107-81A9-A14A80A5C571}.Release|Any CPU.ActiveCfg = Release|Any CPU
		{958655F8-C87C-4107-81A9-A14A80A5C571}.Release|Any CPU.Build.0 = Release|Any CPU
		{7B48AF51-C705-4727-85D9-A54A7EC5A941}.Debug|Any CPU.ActiveCfg = Debug|Any CPU
		{7B48AF51-C705-4727-85D9-A54A7EC5A941}.Debug|Any CPU.Build.0 = Debug|Any CPU
		{7B48AF51-C705-4727-85D9-A54A7EC5A941}.Release|Any CPU.ActiveCfg = Release|Any CPU
		{7B48AF51-C705-4727-85D9-A54A7EC5A941}.Release|Any CPU.Build.0 = Release|Any CPU
	EndGlobalSection
	GlobalSection(SolutionProperties) = preSolution
		HideSolutionNode = FALSE
	EndGlobalSection
EndGlobal
